
Microsoft Visual Studio Solution File, Format Version 12.00
# Visual Studio 2012
Project("{E24C65DC-7377-472B-9ABA-BC803B73C61A}") = "Website", "http://localhost:1658", "{EF473848-BD9A-4FC1-9D4B-507024DE3158}"
	ProjectSection(WebsiteProperties) = preProject
		UseIISExpress = "true"
		TargetFrameworkMoniker = ".NETFramework,Version%3Dv4.5"
		ProjectReferences = "{1e1aae3b-4563-424b-a34f-507a70e7177e}|NorthWindSystem.dll;"
		Debug.AspNetCompiler.VirtualPath = "/localhost_1658"
		Debug.AspNetCompiler.PhysicalPath = "Website\"
		Debug.AspNetCompiler.TargetPath = "PrecompiledWeb\localhost_1658\"
		Debug.AspNetCompiler.Updateable = "true"
		Debug.AspNetCompiler.ForceOverwrite = "true"
		Debug.AspNetCompiler.FixedNames = "false"
		Debug.AspNetCompiler.Debug = "True"
		Release.AspNetCompiler.VirtualPath = "/localhost_1658"
		Release.AspNetCompiler.PhysicalPath = "Website\"
		Release.AspNetCompiler.TargetPath = "PrecompiledWeb\localhost_1658\"
		Release.AspNetCompiler.Updateable = "true"
		Release.AspNetCompiler.ForceOverwrite = "true"
		Release.AspNetCompiler.FixedNames = "false"
		Release.AspNetCompiler.Debug = "False"
		SlnRelativePath = "Website\"
		DefaultWebSiteLanguage = "Visual C#"
	EndProjectSection
EndProject
Project("{FAE04EC0-301F-11D3-BF4B-00C04F79EFBC}") = "NorthWindSystem", "NorthWindSystem\NorthWindSystem.csproj", "{1E1AAE3B-4563-424B-A34F-507A70E7177E}"
EndProject
Global
	GlobalSection(SolutionConfigurationPlatforms) = preSolution
		Debug|Any CPU = Debug|Any CPU
		Release|Any CPU = Release|Any CPU
	EndGlobalSection
	GlobalSection(ProjectConfigurationPlatforms) = postSolution
		{EF473848-BD9A-4FC1-9D4B-507024DE3158}.Debug|Any CPU.ActiveCfg = Debug|Any CPU
		{EF473848-BD9A-4FC1-9D4B-507024DE3158}.Debug|Any CPU.Build.0 = Debug|Any CPU
		{EF473848-BD9A-4FC1-9D4B-507024DE3158}.Release|Any CPU.ActiveCfg = Debug|Any CPU
		{EF473848-BD9A-4FC1-9D4B-507024DE3158}.Release|Any CPU.Build.0 = Debug|Any CPU
		{1E1AAE3B-4563-424B-A34F-507A70E7177E}.Debug|Any CPU.ActiveCfg = Debug|Any CPU
		{1E1AAE3B-4563-424B-A34F-507A70E7177E}.Debug|Any CPU.Build.0 = Debug|Any CPU
		{1E1AAE3B-4563-424B-A34F-507A70E7177E}.Release|Any CPU.ActiveCfg = Release|Any CPU
		{1E1AAE3B-4563-424B-A34F-507A70E7177E}.Release|Any CPU.Build.0 = Release|Any CPU
	EndGlobalSection
	GlobalSection(SolutionProperties) = preSolution
		HideSolutionNode = FALSE
	EndGlobalSection
EndGlobal
